
Microsoft Visual Studio Solution File, Format Version 12.00
# Visual Studio 2017
Project("{FAE04EC0-301F-11D3-BF4B-00C04F79EFBC}") = "Scalpel-Alpha-0.0.1", "Scalpel-Alpha-0.0.1.csproj", "{A38E5AD9-656E-5EBC-7F66-1E059B699117}"
EndProject
Project("{FAE04EC0-301F-11D3-BF4B-00C04F79EFBC}") = "Scalpel-Alpha-0.0.1.Editor", "Scalpel-Alpha-0.0.1.Editor.csproj", "{39714B93-21A4-561B-506E-B4B4467BF56A}"
EndProject
Global
	GlobalSection(SolutionConfigurationPlatforms) = preSolution
		Debug|Any CPU = Debug|Any CPU
		Release|Any CPU = Release|Any CPU
	EndGlobalSection
	GlobalSection(ProjectConfigurationPlatforms) = postSolution
		{A38E5AD9-656E-5EBC-7F66-1E059B699117}.Debug|Any CPU.ActiveCfg = Debug|Any CPU
		{A38E5AD9-656E-5EBC-7F66-1E059B699117}.Debug|Any CPU.Build.0 = Debug|Any CPU
		{A38E5AD9-656E-5EBC-7F66-1E059B699117}.Release|Any CPU.ActiveCfg = Release|Any CPU
		{A38E5AD9-656E-5EBC-7F66-1E059B699117}.Release|Any CPU.Build.0 = Release|Any CPU
		{39714B93-21A4-561B-506E-B4B4467BF56A}.Debug|Any CPU.ActiveCfg = Debug|Any CPU
		{39714B93-21A4-561B-506E-B4B4467BF56A}.Debug|Any CPU.Build.0 = Debug|Any CPU
		{39714B93-21A4-561B-506E-B4B4467BF56A}.Release|Any CPU.ActiveCfg = Release|Any CPU
		{39714B93-21A4-561B-506E-B4B4467BF56A}.Release|Any CPU.Build.0 = Release|Any CPU
	EndGlobalSection
	GlobalSection(SolutionProperties) = preSolution
		HideSolutionNode = FALSE
	EndGlobalSection
EndGlobal
